{
  "version": 4,
  "terraform_version": "1.13.4",
  "serial": 575,
  "lineage": "eadfc40a-29d5-2f9b-53e0-f77ec403fdeb",
  "outputs": {},
  "resources": [
    {
      "module": "module.base",
      "mode": "managed",
      "type": "alicloud_vpc",
      "name": "this",
      "provider": "provider[\"registry.terraform.io/aliyun/alicloud\"]",
      "instances": [
        {
          "schema_version": 0,
          "attributes": {
            "cidr_block": "10.66.0.0/16",
            "classic_link_enabled": false,
            "create_time": "2025-10-27T07:11:32Z",
            "description": "",
            "dns_hostname_status": "DISABLED",
            "dry_run": null,
            "enable_ipv6": false,
            "force_delete": null,
            "id": "vpc-uf6t0ua5xwerzgs4tuyjq",
            "ipv4_cidr_mask": null,
            "ipv4_ipam_pool_id": null,
            "ipv6_cidr_block": "",
            "ipv6_cidr_blocks": [],
            "ipv6_isp": null,
            "is_default": null,
            "name": "ipang-vpc",
            "region_id": "cn-shanghai",
            "resource_group_id": "rg-acfm2gbxc4bn6by",
            "route_table_id": "vtb-uf6jssb3wtjuouoau0g2w",
            "router_id": "vrt-uf6kb5zk7nfo2gs3psdbb",
            "router_table_id": "vtb-uf6jssb3wtjuouoau0g2w",
            "secondary_cidr_blocks": [
              "10.70.0.0/16"
            ],
            "secondary_cidr_mask": null,
            "status": "Available",
            "system_route_table_description": "",
            "system_route_table_name": "",
            "system_route_table_route_propagation_enable": true,
            "tags": {},
            "timeouts": null,
            "user_cidrs": [],
            "vpc_name": "ipang-vpc"
          },
          "sensitive_attributes": [],
          "identity_schema_version": 0,
          "private": "eyJlMmJmYjczMC1lY2FhLTExZTYtOGY4OC0zNDM2M2JjN2M0YzAiOnsiY3JlYXRlIjo2MDAwMDAwMDAwMDAsImRlbGV0ZSI6MzAwMDAwMDAwMDAwLCJ1cGRhdGUiOjMwMDAwMDAwMDAwMH19"
        }
      ]
    },
    {
      "module": "module.base",
      "mode": "managed",
      "type": "alicloud_vswitch",
      "name": "vsw_alb",
      "provider": "provider[\"registry.terraform.io/aliyun/alicloud\"]",
      "instances": [
        {
          "schema_version": 0,
          "attributes": {
            "availability_zone": "cn-shanghai-f",
            "cidr_block": "10.66.4.0/24",
            "create_time": "2025-10-27T07:11:56Z",
            "description": "",
            "enable_ipv6": null,
            "id": "vsw-uf6jwqhjvy2uuis2o41wb",
            "ipv6_cidr_block": "",
            "ipv6_cidr_block_mask": null,
            "is_default": null,
            "name": "ipang-alb-subnet",
            "status": "Available",
            "tags": {},
            "timeouts": null,
            "vpc_id": "vpc-uf6t0ua5xwerzgs4tuyjq",
            "vswitch_name": "ipang-alb-subnet",
            "zone_id": "cn-shanghai-f"
          },
          "sensitive_attributes": [],
          "identity_schema_version": 0,
          "private": "eyJlMmJmYjczMC1lY2FhLTExZTYtOGY4OC0zNDM2M2JjN2M0YzAiOnsiY3JlYXRlIjozMDAwMDAwMDAwMDAsImRlbGV0ZSI6NjAwMDAwMDAwMDAwLCJ1cGRhdGUiOjMwMDAwMDAwMDAwMH19",
          "dependencies": [
            "module.base.alicloud_vpc.this"
          ]
        }
      ]
    },
    {
      "module": "module.base",
      "mode": "managed",
      "type": "alicloud_vswitch",
      "name": "vsw_first_private",
      "provider": "provider[\"registry.terraform.io/aliyun/alicloud\"]",
      "instances": [
        {
          "schema_version": 0,
          "attributes": {
            "availability_zone": "cn-shanghai-e",
            "cidr_block": "10.66.2.0/24",
            "create_time": "2025-10-27T07:11:48Z",
            "description": "",
            "enable_ipv6": null,
            "id": "vsw-uf67ra95fws28ty82kuy1",
            "ipv6_cidr_block": "",
            "ipv6_cidr_block_mask": null,
            "is_default": null,
            "name": "ipang-first-private-subnet",
            "status": "Available",
            "tags": {},
            "timeouts": null,
            "vpc_id": "vpc-uf6t0ua5xwerzgs4tuyjq",
            "vswitch_name": "ipang-first-private-subnet",
            "zone_id": "cn-shanghai-e"
          },
          "sensitive_attributes": [],
          "identity_schema_version": 0,
          "private": "eyJlMmJmYjczMC1lY2FhLTExZTYtOGY4OC0zNDM2M2JjN2M0YzAiOnsiY3JlYXRlIjozMDAwMDAwMDAwMDAsImRlbGV0ZSI6NjAwMDAwMDAwMDAwLCJ1cGRhdGUiOjMwMDAwMDAwMDAwMH19",
          "dependencies": [
            "module.base.alicloud_vpc.this"
          ]
        }
      ]
    },
    {
      "module": "module.base",
      "mode": "managed",
      "type": "alicloud_vswitch",
      "name": "vsw_public",
      "provider": "provider[\"registry.terraform.io/aliyun/alicloud\"]",
      "instances": [
        {
          "schema_version": 0,
          "attributes": {
            "availability_zone": "cn-shanghai-e",
            "cidr_block": "10.66.1.0/24",
            "create_time": "2025-10-27T07:11:42Z",
            "description": "",
            "enable_ipv6": null,
            "id": "vsw-uf6t3wh6ngmv9ri5a8yec",
            "ipv6_cidr_block": "",
            "ipv6_cidr_block_mask": null,
            "is_default": null,
            "name": "ipang-public-subnet",
            "status": "Available",
            "tags": {},
            "timeouts": null,
            "vpc_id": "vpc-uf6t0ua5xwerzgs4tuyjq",
            "vswitch_name": "ipang-public-subnet",
            "zone_id": "cn-shanghai-e"
          },
          "sensitive_attributes": [],
          "identity_schema_version": 0,
          "private": "eyJlMmJmYjczMC1lY2FhLTExZTYtOGY4OC0zNDM2M2JjN2M0YzAiOnsiY3JlYXRlIjozMDAwMDAwMDAwMDAsImRlbGV0ZSI6NjAwMDAwMDAwMDAwLCJ1cGRhdGUiOjMwMDAwMDAwMDAwMH19",
          "dependencies": [
            "module.base.alicloud_vpc.this"
          ]
        }
      ]
    },
    {
      "module": "module.kafka",
      "mode": "managed",
      "type": "alicloud_alikafka_consumer_group",
      "name": "groups",
      "provider": "provider[\"registry.terraform.io/aliyun/alicloud\"]",
      "instances": [
        {
          "index_key": "kf-fetcher-group",
          "schema_version": 0,
          "attributes": {
            "consumer_id": "kf-fetcher-group",
            "description": "",
            "id": "alikafka_post-cn-zky4hywtz006:kf-fetcher-group",
            "instance_id": "alikafka_post-cn-zky4hywtz006",
            "tags": {}
          },
          "sensitive_attributes": [],
          "identity_schema_version": 0,
          "private": "bnVsbA==",
          "dependencies": [
            "module.base.alicloud_vpc.this",
            "module.base.alicloud_vswitch.vsw_first_private",
            "module.base.alicloud_vswitch.vsw_second_private",
            "module.kafka.alicloud_alikafka_instance.this"
          ]
        },
        {
          "index_key": "qywx-consumer-group",
          "schema_version": 0,
          "attributes": {
            "consumer_id": "qywx-consumer-group",
            "description": "",
            "id": "alikafka_post-cn-zky4hywtz006:qywx-consumer-group",
            "instance_id": "alikafka_post-cn-zky4hywtz006",
            "tags": {}
          },
          "sensitive_attributes": [],
          "identity_schema_version": 0,
          "private": "bnVsbA==",
          "dependencies": [
            "module.base.alicloud_vpc.this",
            "module.base.alicloud_vswitch.vsw_first_private",
            "module.base.alicloud_vswitch.vsw_second_private",
            "module.kafka.alicloud_alikafka_instance.this"
          ]
        }
      ]
    },
    {
      "module": "module.kafka",
      "mode": "managed",
      "type": "alicloud_alikafka_instance",
      "name": "this",
      "provider": "provider[\"registry.terraform.io/aliyun/alicloud\"]",
      "instances": [
        {
          "schema_version": 0,
          "attributes": {
            "config": "{\"enable.acl\":\"false\",\"enable.vpc_sasl_ssl\":\"false\",\"kafka.log.retention.hours\":\"72\",\"kafka.message.max.bytes\":\"3145728\",\"kafka.offsets.retention.minutes\":\"10080\",\"kafka.ssl.bit\":\"4096\",\"message.timestamp.difference.max.ms\":\"9223372036854775807\",\"message.timestamp.type\":\"CreateTime\"}",
            "confluent_config": [
              {
                "connect_cu": null,
                "connect_replica": null,
                "control_center_cu": null,
                "control_center_replica": null,
                "control_center_storage": null,
                "kafka_cu": null,
                "kafka_replica": null,
                "kafka_rest_proxy_cu": null,
                "kafka_rest_proxy_replica": null,
                "kafka_storage": null,
                "ksql_cu": null,
                "ksql_replica": null,
                "ksql_storage": null,
                "schema_registry_cu": null,
                "schema_registry_replica": null,
                "zookeeper_cu": null,
                "zookeeper_replica": null,
                "zookeeper_storage": null
              }
            ],
            "default_topic_partition_num": 12,
            "deploy_type": 5,
            "disk_size": 500,
            "disk_type": 0,
            "domain_endpoint": "alikafka-post-cn-zky4hywtz006-1-vpc.alikafka.aliyuncs.com:9092,alikafka-post-cn-zky4hywtz006-2-vpc.alikafka.aliyuncs.com:9092,alikafka-post-cn-zky4hywtz006-3-vpc.alikafka.aliyuncs.com:9092",
            "eip_max": 0,
            "enable_auto_group": false,
            "enable_auto_topic": "disable",
            "end_point": "10.66.2.132:9092,10.66.2.131:9092,10.66.2.130:9092",
            "group_left": 1997,
            "group_used": 3,
            "id": "alikafka_post-cn-zky4hywtz006",
            "instance_type": "alikafka",
            "io_max": 20,
            "io_max_spec": "alikafka.hw.2xlarge",
            "is_partition_buy": 1,
            "kms_key_id": "",
            "name": "kafka-ipang",
            "paid_type": "PostPaid",
            "partition_left": 903,
            "partition_num": 0,
            "partition_used": 97,
            "password": null,
            "resource_group_id": "rg-acfm2gbxc4bn6by",
            "sasl_domain_endpoint": "",
            "security_group": "sg-uf6damt3nebtgnkingun",
            "selected_zones": null,
            "serverless_config": [
              {
                "reserved_publish_capacity": 0,
                "reserved_subscribe_capacity": 0
              }
            ],
            "service_version": "2.6.2",
            "spec_type": "professional",
            "ssl_domain_endpoint": "",
            "ssl_endpoint": "",
            "status": 5,
            "tags": {},
            "timeouts": null,
            "topic_left": 996,
            "topic_num_of_buy": 1000,
            "topic_quota": 1000,
            "topic_used": 4,
            "vpc_id": "vpc-uf6t0ua5xwerzgs4tuyjq",
            "vswitch_id": "vsw-uf67ra95fws28ty82kuy1",
            "vswitch_ids": [
              "vsw-uf67ra95fws28ty82kuy1"
            ],
            "zone_id": "zonee"
          },
          "sensitive_attributes": [],
          "identity_schema_version": 0,
          "private": "eyJlMmJmYjczMC1lY2FhLTExZTYtOGY4OC0zNDM2M2JjN2M0YzAiOnsiY3JlYXRlIjozNjAwMDAwMDAwMDAwLCJkZWxldGUiOjE4MDAwMDAwMDAwMDAsInVwZGF0ZSI6NzIwMDAwMDAwMDAwMH19",
          "dependencies": [
            "module.base.alicloud_vpc.this",
            "module.base.alicloud_vswitch.vsw_first_private",
            "module.base.alicloud_vswitch.vsw_second_private"
          ]
        }
      ]
    }
  ],
  "check_results": [
    {
      "object_kind": "var",
      "config_addr": "module.redis.var.fallback_zone_id",
      "status": "unknown",
      "objects": null
    },
    {
      "object_kind": "var",
      "config_addr": "module.redis.var.vswitch_ids",
      "status": "unknown",
      "objects": null
    },
    {
      "object_kind": "var",
      "config_addr": "module.kafka.var.vswitch_ids",
      "status": "unknown",
      "objects": null
    },
    {
      "object_kind": "var",
      "config_addr": "module.mysql.var.vswitch_ids",
      "status": "unknown",
      "objects": null
    },
    {
      "object_kind": "resource",
      "config_addr": "module.redis.alicloud_kvstore_instance.this",
      "status": "unknown",
      "objects": null
    }
  ]
}
